
Microsoft Visual Studio Solution File, Format Version 12.00
# Visual Studio Version 16
VisualStudioVersion = 16.0.31105.61
MinimumVisualStudioVersion = 10.0.40219.1
Project("{8BC9CEB8-8B4A-11D0-8D11-00A0C91BC942}") = "FS", "FS.vcxproj", "{9527581B-F768-44DF-8977-EE417F9DFDAA}"
EndProject
Global
	GlobalSection(SolutionConfigurationPlatforms) = preSolution
		Debug|x64 = Debug|x64
		Debug|x86 = Debug|x86
		Release|x64 = Release|x64
		Release|x86 = Release|x86
	EndGlobalSection
	GlobalSection(ProjectConfigurationPlatforms) = postSolution
		{9527581B-F768-44DF-8977-EE417F9DFDAA}.Debug|x64.ActiveCfg = Debug|x64
		{9527581B-F768-44DF-8977-EE417F9DFDAA}.Debug|x64.Build.0 = Debug|x64
		{9527581B-F768-44DF-8977-EE417F9DFDAA}.Debug|x86.ActiveCfg = Debug|Win32
		{9527581B-F768-44DF-8977-EE417F9DFDAA}.Debug|x86.Build.0 = Debug|Win32
		{9527581B-F768-44DF-8977-EE417F9DFDAA}.Release|x64.ActiveCfg = Release|x64
		{9527581B-F768-44DF-8977-EE417F9DFDAA}.Release|x64.Build.0 = Release|x64
		{9527581B-F768-44DF-8977-EE417F9DFDAA}.Release|x86.ActiveCfg = Release|Win32
		{9527581B-F768-44DF-8977-EE417F9DFDAA}.Release|x86.Build.0 = Release|Win32
	EndGlobalSection
	GlobalSection(SolutionProperties) = preSolution
		HideSolutionNode = FALSE
	EndGlobalSection
	GlobalSection(ExtensibilityGlobals) = postSolution
		SolutionGuid = {B38A22D5-5CF4-4377-8585-A4A0E8044520}
	EndGlobalSection
EndGlobal
